// !$*UTF8*$!
{
	archiveVersion = 1;
	classes = {
	};
	objectVersion = 52;
	objects = {

/* Begin PBXBuildFile section */
		36C25D5821B2B7B300A30C1B /* AppDelegate.swift in Sources */ = {isa = PBXBuildFile; fileRef = 36C25D5721B2B7B300A30C1B /* AppDelegate.swift */; };
		36C25D5F21B2B7B300A30C1B /* Assets.xcassets in Resources */ = {isa = PBXBuildFile; fileRef = 36C25D5E21B2B7B300A30C1B /* Assets.xcassets */; };
		36C25D6221B2B7B300A30C1B /* LaunchScreen.storyboard in Resources */ = {isa = PBXBuildFile; fileRef = 36C25D6021B2B7B300A30C1B /* LaunchScreen.storyboard */; };
		36C25D7B21B2B82C00A30C1B /* AppContainer.swift in Sources */ = {isa = PBXBuildFile; fileRef = 36C25D7A21B2B82C00A30C1B /* AppContainer.swift */; };
		36C25D7D21B2B83C00A30C1B /* AppRouter.swift in Sources */ = {isa = PBXBuildFile; fileRef = 36C25D7C21B2B83C00A30C1B /* AppRouter.swift */; };
		36C25D9421B2BB0500A30C1B /* MainScreen.storyboard in Resources */ = {isa = PBXBuildFile; fileRef = 36C25D9321B2BAF600A30C1B /* MainScreen.storyboard */; };
		36C25D9621B2BB0F00A30C1B /* MainScreenViewController.swift in Sources */ = {isa = PBXBuildFile; fileRef = 36C25D9521B2BB0F00A30C1B /* MainScreenViewController.swift */; };
		36C25D9821B2BB5700A30C1B /* MainScreenBuilder.swift in Sources */ = {isa = PBXBuildFile; fileRef = 36C25D9721B2BB5700A30C1B /* MainScreenBuilder.swift */; };
		36C25DDE21B45DDA00A30C1B /* CallScreenBuilder.swift in Sources */ = {isa = PBXBuildFile; fileRef = 36C25DD721B45DDA00A30C1B /* CallScreenBuilder.swift */; };
		36C25DDF21B45DDA00A30C1B /* CallScreen.storyboard in Resources */ = {isa = PBXBuildFile; fileRef = 36C25DD821B45DDA00A30C1B /* CallScreen.storyboard */; };
		36C25DE021B45DDA00A30C1B /* CallScreenContracts.swift in Sources */ = {isa = PBXBuildFile; fileRef = 36C25DD921B45DDA00A30C1B /* CallScreenContracts.swift */; };
		36C25DE121B45DDA00A30C1B /* CallScreenViewController.swift in Sources */ = {isa = PBXBuildFile; fileRef = 36C25DDA21B45DDA00A30C1B /* CallScreenViewController.swift */; };
		36C25DE221B45DDA00A30C1B /* CallScreenPresenter.swift in Sources */ = {isa = PBXBuildFile; fileRef = 36C25DDB21B45DDA00A30C1B /* CallScreenPresenter.swift */; };
		36C25DE421B45E0300A30C1B /* MainScreenContracts.swift in Sources */ = {isa = PBXBuildFile; fileRef = 36C25DE321B45E0300A30C1B /* MainScreenContracts.swift */; };
		36C25DE621B45E0C00A30C1B /* MainScreenInteractor.swift in Sources */ = {isa = PBXBuildFile; fileRef = 36C25DE521B45E0C00A30C1B /* MainScreenInteractor.swift */; };
		36C25DE821B45E1200A30C1B /* MainScreenPresenter.swift in Sources */ = {isa = PBXBuildFile; fileRef = 36C25DE721B45E1200A30C1B /* MainScreenPresenter.swift */; };
		36C25DEA21B45E2300A30C1B /* MainScreenRouter.swift in Sources */ = {isa = PBXBuildFile; fileRef = 36C25DE921B45E2300A30C1B /* MainScreenRouter.swift */; };
		97BE88A8589DEC10028C325D /* Pods_Talkien.framework in Frameworks */ = {isa = PBXBuildFile; fileRef = 8A733D5B597912379C279BA3 /* Pods_Talkien.framework */; };
		A2350613276A9C22001DC401 /* GoogleService-Info.plist in Resources */ = {isa = PBXBuildFile; fileRef = A2350612276A9C22001DC401 /* GoogleService-Info.plist */; };
		A23A6AB9276E2EA6001AFD8E /* BottomSheet.swift in Sources */ = {isa = PBXBuildFile; fileRef = A23A6AB8276E2EA6001AFD8E /* BottomSheet.swift */; };
		A23DB89B276F5929006DE1F1 /* NameProvider.swift in Sources */ = {isa = PBXBuildFile; fileRef = A23DB89A276F5929006DE1F1 /* NameProvider.swift */; };
		A24F7623276BB56700E6E8F2 /* CallScreenInteractor.swift in Sources */ = {isa = PBXBuildFile; fileRef = A24F7622276BB56700E6E8F2 /* CallScreenInteractor.swift */; };
/* End PBXBuildFile section */

/* Begin PBXCopyFilesBuildPhase section */
		36C25D8621B2B91600A30C1B /* Embed Frameworks */ = {
			isa = PBXCopyFilesBuildPhase;
			buildActionMask = 2147483647;
			dstPath = "";
			dstSubfolderSpec = 10;
			files = (
			);
			name = "Embed Frameworks";
			runOnlyForDeploymentPostprocessing = 0;
		};
/* End PBXCopyFilesBuildPhase section */

/* Begin PBXFileReference section */
		36C25D5521B2B7B300A30C1B /* Talkien.app */ = {isa = PBXFileReference; explicitFileType = wrapper.application; includeInIndex = 0; path = Talkien.app; sourceTree = BUILT_PRODUCTS_DIR; };
		36C25D5721B2B7B300A30C1B /* AppDelegate.swift */ = {isa = PBXFileReference; lastKnownFileType = sourcecode.swift; path = AppDelegate.swift; sourceTree = "<group>"; };
		36C25D5E21B2B7B300A30C1B /* Assets.xcassets */ = {isa = PBXFileReference; lastKnownFileType = folder.assetcatalog; path = Assets.xcassets; sourceTree = "<group>"; };
		36C25D6121B2B7B300A30C1B /* Base */ = {isa = PBXFileReference; lastKnownFileType = file.storyboard; name = Base; path = Base.lproj/LaunchScreen.storyboard; sourceTree = "<group>"; };
		36C25D6321B2B7B300A30C1B /* Info.plist */ = {isa = PBXFileReference; lastKnownFileType = text.plist.xml; path = Info.plist; sourceTree = "<group>"; };
		36C25D7A21B2B82C00A30C1B /* AppContainer.swift */ = {isa = PBXFileReference; lastKnownFileType = sourcecode.swift; path = AppContainer.swift; sourceTree = "<group>"; };
		36C25D7C21B2B83C00A30C1B /* AppRouter.swift */ = {isa = PBXFileReference; lastKnownFileType = sourcecode.swift; path = AppRouter.swift; sourceTree = "<group>"; };
		36C25D9321B2BAF600A30C1B /* MainScreen.storyboard */ = {isa = PBXFileReference; lastKnownFileType = file.storyboard; path = MainScreen.storyboard; sourceTree = "<group>"; };
		36C25D9521B2BB0F00A30C1B /* MainScreenViewController.swift */ = {isa = PBXFileReference; lastKnownFileType = sourcecode.swift; path = MainScreenViewController.swift; sourceTree = "<group>"; };
		36C25D9721B2BB5700A30C1B /* MainScreenBuilder.swift */ = {isa = PBXFileReference; lastKnownFileType = sourcecode.swift; path = MainScreenBuilder.swift; sourceTree = "<group>"; };
		36C25DD721B45DDA00A30C1B /* CallScreenBuilder.swift */ = {isa = PBXFileReference; fileEncoding = 4; lastKnownFileType = sourcecode.swift; path = CallScreenBuilder.swift; sourceTree = "<group>"; };
		36C25DD821B45DDA00A30C1B /* CallScreen.storyboard */ = {isa = PBXFileReference; fileEncoding = 4; lastKnownFileType = file.storyboard; path = CallScreen.storyboard; sourceTree = "<group>"; };
		36C25DD921B45DDA00A30C1B /* CallScreenContracts.swift */ = {isa = PBXFileReference; fileEncoding = 4; lastKnownFileType = sourcecode.swift; path = CallScreenContracts.swift; sourceTree = "<group>"; };
		36C25DDA21B45DDA00A30C1B /* CallScreenViewController.swift */ = {isa = PBXFileReference; fileEncoding = 4; lastKnownFileType = sourcecode.swift; path = CallScreenViewController.swift; sourceTree = "<group>"; };
		36C25DDB21B45DDA00A30C1B /* CallScreenPresenter.swift */ = {isa = PBXFileReference; fileEncoding = 4; lastKnownFileType = sourcecode.swift; path = CallScreenPresenter.swift; sourceTree = "<group>"; };
		36C25DE321B45E0300A30C1B /* MainScreenContracts.swift */ = {isa = PBXFileReference; lastKnownFileType = sourcecode.swift; path = MainScreenContracts.swift; sourceTree = "<group>"; };
		36C25DE521B45E0C00A30C1B /* MainScreenInteractor.swift */ = {isa = PBXFileReference; lastKnownFileType = sourcecode.swift; path = MainScreenInteractor.swift; sourceTree = "<group>"; };
		36C25DE721B45E1200A30C1B /* MainScreenPresenter.swift */ = {isa = PBXFileReference; lastKnownFileType = sourcecode.swift; path = MainScreenPresenter.swift; sourceTree = "<group>"; };
		36C25DE921B45E2300A30C1B /* MainScreenRouter.swift */ = {isa = PBXFileReference; lastKnownFileType = sourcecode.swift; path = MainScreenRouter.swift; sourceTree = "<group>"; };
		8A733D5B597912379C279BA3 /* Pods_Talkien.framework */ = {isa = PBXFileReference; explicitFileType = wrapper.framework; includeInIndex = 0; path = Pods_Talkien.framework; sourceTree = BUILT_PRODUCTS_DIR; };
		98D3E586CFD2E5FA97CBFA7B /* Pods-Talkien.debug.xcconfig */ = {isa = PBXFileReference; includeInIndex = 1; lastKnownFileType = text.xcconfig; name = "Pods-Talkien.debug.xcconfig"; path = "Target Support Files/Pods-Talkien/Pods-Talkien.debug.xcconfig"; sourceTree = "<group>"; };
		A2350612276A9C22001DC401 /* GoogleService-Info.plist */ = {isa = PBXFileReference; fileEncoding = 4; lastKnownFileType = text.plist.xml; path = "GoogleService-Info.plist"; sourceTree = "<group>"; };
		A23A6AB8276E2EA6001AFD8E /* BottomSheet.swift */ = {isa = PBXFileReference; lastKnownFileType = sourcecode.swift; path = BottomSheet.swift; sourceTree = "<group>"; };
		A23DB89A276F5929006DE1F1 /* NameProvider.swift */ = {isa = PBXFileReference; lastKnownFileType = sourcecode.swift; path = NameProvider.swift; sourceTree = "<group>"; };
		A24F7622276BB56700E6E8F2 /* CallScreenInteractor.swift */ = {isa = PBXFileReference; lastKnownFileType = sourcecode.swift; path = CallScreenInteractor.swift; sourceTree = "<group>"; };
		A6303375AA5C56A1D5FD6FD7 /* Pods-Talkien.release.xcconfig */ = {isa = PBXFileReference; includeInIndex = 1; lastKnownFileType = text.xcconfig; name = "Pods-Talkien.release.xcconfig"; path = "Target Support Files/Pods-Talkien/Pods-Talkien.release.xcconfig"; sourceTree = "<group>"; };
/* End PBXFileReference section */

/* Begin PBXFrameworksBuildPhase section */
		36C25D5221B2B7B300A30C1B /* Frameworks */ = {
			isa = PBXFrameworksBuildPhase;
			buildActionMask = 2147483647;
			files = (
				97BE88A8589DEC10028C325D /* Pods_Talkien.framework in Frameworks */,
			);
			runOnlyForDeploymentPostprocessing = 0;
		};
/* End PBXFrameworksBuildPhase section */

/* Begin PBXGroup section */
		3635F0182184FD3100D9215B = {
			isa = PBXGroup;
			children = (
				36C25D5621B2B7B300A30C1B /* Talkien */,
				3635F0222184FD3100D9215B /* Products */,
				D0ABEE0D0AB6256547E6BB76 /* Pods */,
				6012D1CD0B317A80828205B0 /* Frameworks */,
			);
			sourceTree = "<group>";
		};
		3635F0222184FD3100D9215B /* Products */ = {
			isa = PBXGroup;
			children = (
				36C25D5521B2B7B300A30C1B /* Talkien.app */,
			);
			name = Products;
			sourceTree = "<group>";
		};
		36C25D5621B2B7B300A30C1B /* Talkien */ = {
			isa = PBXGroup;
			children = (
				36C25D7921B2B81B00A30C1B /* App */,
				36C25D9121B2BAD100A30C1B /* Scenes */,
				36C25D7821B2B80200A30C1B /* Resources */,
				36C25D7721B2B7E600A30C1B /* Supporting Files */,
			);
			path = Talkien;
			sourceTree = "<group>";
		};
		36C25D7721B2B7E600A30C1B /* Supporting Files */ = {
			isa = PBXGroup;
			children = (
				36C25D6021B2B7B300A30C1B /* LaunchScreen.storyboard */,
				36C25D6321B2B7B300A30C1B /* Info.plist */,
				A2350612276A9C22001DC401 /* GoogleService-Info.plist */,
			);
			path = "Supporting Files";
			sourceTree = "<group>";
		};
		36C25D7821B2B80200A30C1B /* Resources */ = {
			isa = PBXGroup;
			children = (
				36C25D5E21B2B7B300A30C1B /* Assets.xcassets */,
			);
			path = Resources;
			sourceTree = "<group>";
		};
		36C25D7921B2B81B00A30C1B /* App */ = {
			isa = PBXGroup;
			children = (
				36C25D5721B2B7B300A30C1B /* AppDelegate.swift */,
				36C25D7A21B2B82C00A30C1B /* AppContainer.swift */,
				36C25D7C21B2B83C00A30C1B /* AppRouter.swift */,
				A23DB89A276F5929006DE1F1 /* NameProvider.swift */,
			);
			path = App;
			sourceTree = "<group>";
		};
		36C25D9121B2BAD100A30C1B /* Scenes */ = {
			isa = PBXGroup;
			children = (
				36C25D9221B2BADB00A30C1B /* MainScreen */,
				36C25DD621B45DDA00A30C1B /* CallScreen */,
			);
			path = Scenes;
			sourceTree = "<group>";
		};
		36C25D9221B2BADB00A30C1B /* MainScreen */ = {
			isa = PBXGroup;
			children = (
				36C25D9321B2BAF600A30C1B /* MainScreen.storyboard */,
				36C25D9721B2BB5700A30C1B /* MainScreenBuilder.swift */,
				36C25D9521B2BB0F00A30C1B /* MainScreenViewController.swift */,
				36C25DE321B45E0300A30C1B /* MainScreenContracts.swift */,
				36C25DE521B45E0C00A30C1B /* MainScreenInteractor.swift */,
				36C25DE721B45E1200A30C1B /* MainScreenPresenter.swift */,
				36C25DE921B45E2300A30C1B /* MainScreenRouter.swift */,
			);
			path = MainScreen;
			sourceTree = "<group>";
		};
		36C25DD621B45DDA00A30C1B /* CallScreen */ = {
			isa = PBXGroup;
			children = (
				36C25DD821B45DDA00A30C1B /* CallScreen.storyboard */,
				36C25DD721B45DDA00A30C1B /* CallScreenBuilder.swift */,
				36C25DDA21B45DDA00A30C1B /* CallScreenViewController.swift */,
				36C25DD921B45DDA00A30C1B /* CallScreenContracts.swift */,
				36C25DDB21B45DDA00A30C1B /* CallScreenPresenter.swift */,
				A24F7622276BB56700E6E8F2 /* CallScreenInteractor.swift */,
				A23A6AB8276E2EA6001AFD8E /* BottomSheet.swift */,
			);
			path = CallScreen;
			sourceTree = "<group>";
		};
		6012D1CD0B317A80828205B0 /* Frameworks */ = {
			isa = PBXGroup;
			children = (
				8A733D5B597912379C279BA3 /* Pods_Talkien.framework */,
			);
			name = Frameworks;
			sourceTree = "<group>";
		};
		D0ABEE0D0AB6256547E6BB76 /* Pods */ = {
			isa = PBXGroup;
			children = (
				98D3E586CFD2E5FA97CBFA7B /* Pods-Talkien.debug.xcconfig */,
				A6303375AA5C56A1D5FD6FD7 /* Pods-Talkien.release.xcconfig */,
			);
			path = Pods;
			sourceTree = "<group>";
		};
/* End PBXGroup section */

/* Begin PBXNativeTarget section */
		36C25D5421B2B7B300A30C1B /* Talkien */ = {
			isa = PBXNativeTarget;
			buildConfigurationList = 36C25D7521B2B7B400A30C1B /* Build configuration list for PBXNativeTarget "Talkien" */;
			buildPhases = (
				495126066F625E84512C6427 /* [CP] Check Pods Manifest.lock */,
				36C25D5121B2B7B300A30C1B /* Sources */,
				36C25D5221B2B7B300A30C1B /* Frameworks */,
				36C25D5321B2B7B300A30C1B /* Resources */,
				36C25D8621B2B91600A30C1B /* Embed Frameworks */,
				8151A5170556B788A13E537C /* [CP] Embed Pods Frameworks */,
			);
			buildRules = (
			);
			dependencies = (
			);
			name = Talkien;
			packageProductDependencies = (
			);
			productName = MovieBoxVIPER;
			productReference = 36C25D5521B2B7B300A30C1B /* Talkien.app */;
			productType = "com.apple.product-type.application";
		};
/* End PBXNativeTarget section */

/* Begin PBXProject section */
		3635F0192184FD3100D9215B /* Project object */ = {
			isa = PBXProject;
			attributes = {
				LastSwiftUpdateCheck = 1010;
				LastUpgradeCheck = 1000;
				ORGANIZATIONNAME = "";
				TargetAttributes = {
					36C25D5421B2B7B300A30C1B = {
						CreatedOnToolsVersion = 10.1;
					};
				};
			};
			buildConfigurationList = 3635F01C2184FD3100D9215B /* Build configuration list for PBXProject "Talkien" */;
			compatibilityVersion = "Xcode 9.3";
			developmentRegion = en;
			hasScannedForEncodings = 0;
			knownRegions = (
				en,
				Base,
			);
			mainGroup = 3635F0182184FD3100D9215B;
			packageReferences = (
				A281B0A8276884CB0082C31E /* XCRemoteSwiftPackageReference "Alamofire" */,
			);
			productRefGroup = 3635F0222184FD3100D9215B /* Products */;
			projectDirPath = "";
			projectRoot = "";
			targets = (
				36C25D5421B2B7B300A30C1B /* Talkien */,
			);
		};
/* End PBXProject section */

/* Begin PBXResourcesBuildPhase section */
		36C25D5321B2B7B300A30C1B /* Resources */ = {
			isa = PBXResourcesBuildPhase;
			buildActionMask = 2147483647;
			files = (
				A2350613276A9C22001DC401 /* GoogleService-Info.plist in Resources */,
				36C25DDF21B45DDA00A30C1B /* CallScreen.storyboard in Resources */,
				36C25D9421B2BB0500A30C1B /* MainScreen.storyboard in Resources */,
				36C25D6221B2B7B300A30C1B /* LaunchScreen.storyboard in Resources */,
				36C25D5F21B2B7B300A30C1B /* Assets.xcassets in Resources */,
			);
			runOnlyForDeploymentPostprocessing = 0;
		};
/* End PBXResourcesBuildPhase section */

/* Begin PBXShellScriptBuildPhase section */
		495126066F625E84512C6427 /* [CP] Check Pods Manifest.lock */ = {
			isa = PBXShellScriptBuildPhase;
			buildActionMask = 2147483647;
			files = (
			);
			inputFileListPaths = (
			);
			inputPaths = (
				"${PODS_PODFILE_DIR_PATH}/Podfile.lock",
				"${PODS_ROOT}/Manifest.lock",
			);
			name = "[CP] Check Pods Manifest.lock";
			outputFileListPaths = (
			);
			outputPaths = (
				"$(DERIVED_FILE_DIR)/Pods-Talkien-checkManifestLockResult.txt",
			);
			runOnlyForDeploymentPostprocessing = 0;
			shellPath = /bin/sh;
			shellScript = "diff \"${PODS_PODFILE_DIR_PATH}/Podfile.lock\" \"${PODS_ROOT}/Manifest.lock\" > /dev/null\nif [ $? != 0 ] ; then\n    # print error to STDERR\n    echo \"error: The sandbox is not in sync with the Podfile.lock. Run 'pod install' or update your CocoaPods installation.\" >&2\n    exit 1\nfi\n# This output is used by Xcode 'outputs' to avoid re-running this script phase.\necho \"SUCCESS\" > \"${SCRIPT_OUTPUT_FILE_0}\"\n";
			showEnvVarsInLog = 0;
		};
		8151A5170556B788A13E537C /* [CP] Embed Pods Frameworks */ = {
			isa = PBXShellScriptBuildPhase;
			buildActionMask = 2147483647;
			files = (
			);
			inputFileListPaths = (
				"${PODS_ROOT}/Target Support Files/Pods-Talkien/Pods-Talkien-frameworks-${CONFIGURATION}-input-files.xcfilelist",
			);
			name = "[CP] Embed Pods Frameworks";
			outputFileListPaths = (
				"${PODS_ROOT}/Target Support Files/Pods-Talkien/Pods-Talkien-frameworks-${CONFIGURATION}-output-files.xcfilelist",
			);
			runOnlyForDeploymentPostprocessing = 0;
			shellPath = /bin/sh;
			shellScript = "\"${PODS_ROOT}/Target Support Files/Pods-Talkien/Pods-Talkien-frameworks.sh\"\n";
			showEnvVarsInLog = 0;
		};
/* End PBXShellScriptBuildPhase section */

/* Begin PBXSourcesBuildPhase section */
		36C25D5121B2B7B300A30C1B /* Sources */ = {
			isa = PBXSourcesBuildPhase;
			buildActionMask = 2147483647;
			files = (
				36C25DE021B45DDA00A30C1B /* CallScreenContracts.swift in Sources */,
				36C25D9821B2BB5700A30C1B /* MainScreenBuilder.swift in Sources */,
				36C25D7D21B2B83C00A30C1B /* AppRouter.swift in Sources */,
				36C25DE221B45DDA00A30C1B /* CallScreenPresenter.swift in Sources */,
				36C25DE121B45DDA00A30C1B /* CallScreenViewController.swift in Sources */,
				36C25DE421B45E0300A30C1B /* MainScreenContracts.swift in Sources */,
				36C25DE821B45E1200A30C1B /* MainScreenPresenter.swift in Sources */,
				A24F7623276BB56700E6E8F2 /* CallScreenInteractor.swift in Sources */,
				36C25DE621B45E0C00A30C1B /* MainScreenInteractor.swift in Sources */,
				36C25DEA21B45E2300A30C1B /* MainScreenRouter.swift in Sources */,
				36C25D5821B2B7B300A30C1B /* AppDelegate.swift in Sources */,
				36C25D9621B2BB0F00A30C1B /* MainScreenViewController.swift in Sources */,
				A23DB89B276F5929006DE1F1 /* NameProvider.swift in Sources */,
				A23A6AB9276E2EA6001AFD8E /* BottomSheet.swift in Sources */,
				36C25DDE21B45DDA00A30C1B /* CallScreenBuilder.swift in Sources */,
				36C25D7B21B2B82C00A30C1B /* AppContainer.swift in Sources */,
			);
			runOnlyForDeploymentPostprocessing = 0;
		};
/* End PBXSourcesBuildPhase section */

/* Begin PBXVariantGroup section */
		36C25D6021B2B7B300A30C1B /* LaunchScreen.storyboard */ = {
			isa = PBXVariantGroup;
			children = (
				36C25D6121B2B7B300A30C1B /* Base */,
			);
			name = LaunchScreen.storyboard;
			sourceTree = "<group>";
		};
/* End PBXVariantGroup section */

/* Begin XCBuildConfiguration section */
		3635F0312184FD3300D9215B /* Debug */ = {
			isa = XCBuildConfiguration;
			buildSettings = {
				ALWAYS_SEARCH_USER_PATHS = NO;
				CLANG_ANALYZER_NONNULL = YES;
				CLANG_ANALYZER_NUMBER_OBJECT_CONVERSION = YES_AGGRESSIVE;
				CLANG_CXX_LANGUAGE_STANDARD = "gnu++14";
				CLANG_CXX_LIBRARY = "libc++";
				CLANG_ENABLE_MODULES = YES;
				CLANG_ENABLE_OBJC_ARC = YES;
				CLANG_ENABLE_OBJC_WEAK = YES;
				CLANG_WARN_BLOCK_CAPTURE_AUTORELEASING = YES;
				CLANG_WARN_BOOL_CONVERSION = YES;
				CLANG_WARN_COMMA = YES;
				CLANG_WARN_CONSTANT_CONVERSION = YES;
				CLANG_WARN_DEPRECATED_OBJC_IMPLEMENTATIONS = YES;
				CLANG_WARN_DIRECT_OBJC_ISA_USAGE = YES_ERROR;
				CLANG_WARN_DOCUMENTATION_COMMENTS = YES;
				CLANG_WARN_EMPTY_BODY = YES;
				CLANG_WARN_ENUM_CONVERSION = YES;
				CLANG_WARN_INFINITE_RECURSION = YES;
				CLANG_WARN_INT_CONVERSION = YES;
				CLANG_WARN_NON_LITERAL_NULL_CONVERSION = YES;
				CLANG_WARN_OBJC_IMPLICIT_RETAIN_SELF = YES;
				CLANG_WARN_OBJC_LITERAL_CONVERSION = YES;
				CLANG_WARN_OBJC_ROOT_CLASS = YES_ERROR;
				CLANG_WARN_RANGE_LOOP_ANALYSIS = YES;
				CLANG_WARN_STRICT_PROTOTYPES = YES;
				CLANG_WARN_SUSPICIOUS_MOVE = YES;
				CLANG_WARN_UNGUARDED_AVAILABILITY = YES_AGGRESSIVE;
				CLANG_WARN_UNREACHABLE_CODE = YES;
				CLANG_WARN__DUPLICATE_METHOD_MATCH = YES;
				CODE_SIGN_IDENTITY = "iPhone Developer";
				COPY_PHASE_STRIP = NO;
				DEBUG_INFORMATION_FORMAT = dwarf;
				ENABLE_BITCODE = NO;
				ENABLE_STRICT_OBJC_MSGSEND = YES;
				ENABLE_TESTABILITY = YES;
				GCC_C_LANGUAGE_STANDARD = gnu11;
				GCC_DYNAMIC_NO_PIC = NO;
				GCC_NO_COMMON_BLOCKS = YES;
				GCC_OPTIMIZATION_LEVEL = 0;
				GCC_PREPROCESSOR_DEFINITIONS = (
					"DEBUG=1",
					"$(inherited)",
				);
				GCC_WARN_64_TO_32_BIT_CONVERSION = YES;
				GCC_WARN_ABOUT_RETURN_TYPE = YES_ERROR;
				GCC_WARN_UNDECLARED_SELECTOR = YES;
				GCC_WARN_UNINITIALIZED_AUTOS = YES_AGGRESSIVE;
				GCC_WARN_UNUSED_FUNCTION = YES;
				GCC_WARN_UNUSED_VARIABLE = YES;
				IPHONEOS_DEPLOYMENT_TARGET = 12.0;
				MTL_ENABLE_DEBUG_INFO = INCLUDE_SOURCE;
				MTL_FAST_MATH = YES;
				ONLY_ACTIVE_ARCH = YES;
				SDKROOT = iphoneos;
				SWIFT_ACTIVE_COMPILATION_CONDITIONS = DEBUG;
				SWIFT_OPTIMIZATION_LEVEL = "-Onone";
			};
			name = Debug;
		};
		3635F0322184FD3300D9215B /* Release */ = {
			isa = XCBuildConfiguration;
			buildSettings = {
				ALWAYS_SEARCH_USER_PATHS = NO;
				CLANG_ANALYZER_NONNULL = YES;
				CLANG_ANALYZER_NUMBER_OBJECT_CONVERSION = YES_AGGRESSIVE;
				CLANG_CXX_LANGUAGE_STANDARD = "gnu++14";
				CLANG_CXX_LIBRARY = "libc++";
				CLANG_ENABLE_MODULES = YES;
				CLANG_ENABLE_OBJC_ARC = YES;
				CLANG_ENABLE_OBJC_WEAK = YES;
				CLANG_WARN_BLOCK_CAPTURE_AUTORELEASING = YES;
				CLANG_WARN_BOOL_CONVERSION = YES;
				CLANG_WARN_COMMA = YES;
				CLANG_WARN_CONSTANT_CONVERSION = YES;
				CLANG_WARN_DEPRECATED_OBJC_IMPLEMENTATIONS = YES;
				CLANG_WARN_DIRECT_OBJC_ISA_USAGE = YES_ERROR;
				CLANG_WARN_DOCUMENTATION_COMMENTS = YES;
				CLANG_WARN_EMPTY_BODY = YES;
				CLANG_WARN_ENUM_CONVERSION = YES;
				CLANG_WARN_INFINITE_RECURSION = YES;
				CLANG_WARN_INT_CONVERSION = YES;
				CLANG_WARN_NON_LITERAL_NULL_CONVERSION = YES;
				CLANG_WARN_OBJC_IMPLICIT_RETAIN_SELF = YES;
				CLANG_WARN_OBJC_LITERAL_CONVERSION = YES;
				CLANG_WARN_OBJC_ROOT_CLASS = YES_ERROR;
				CLANG_WARN_RANGE_LOOP_ANALYSIS = YES;
				CLANG_WARN_STRICT_PROTOTYPES = YES;
				CLANG_WARN_SUSPICIOUS_MOVE = YES;
				CLANG_WARN_UNGUARDED_AVAILABILITY = YES_AGGRESSIVE;
				CLANG_WARN_UNREACHABLE_CODE = YES;
				CLANG_WARN__DUPLICATE_METHOD_MATCH = YES;
				CODE_SIGN_IDENTITY = "iPhone Developer";
				COPY_PHASE_STRIP = NO;
				DEBUG_INFORMATION_FORMAT = "dwarf-with-dsym";
				ENABLE_NS_ASSERTIONS = NO;
				ENABLE_STRICT_OBJC_MSGSEND = YES;
				GCC_C_LANGUAGE_STANDARD = gnu11;
				GCC_NO_COMMON_BLOCKS = YES;
				GCC_WARN_64_TO_32_BIT_CONVERSION = YES;
				GCC_WARN_ABOUT_RETURN_TYPE = YES_ERROR;
				GCC_WARN_UNDECLARED_SELECTOR = YES;
				GCC_WARN_UNINITIALIZED_AUTOS = YES_AGGRESSIVE;
				GCC_WARN_UNUSED_FUNCTION = YES;
				GCC_WARN_UNUSED_VARIABLE = YES;
				IPHONEOS_DEPLOYMENT_TARGET = 12.0;
				MTL_ENABLE_DEBUG_INFO = NO;
				MTL_FAST_MATH = YES;
				SDKROOT = iphoneos;
				SWIFT_COMPILATION_MODE = wholemodule;
				SWIFT_OPTIMIZATION_LEVEL = "-O";
				VALIDATE_PRODUCT = YES;
			};
			name = Release;
		};
		36C25D6F21B2B7B400A30C1B /* Debug */ = {
			isa = XCBuildConfiguration;
			baseConfigurationReference = 98D3E586CFD2E5FA97CBFA7B /* Pods-Talkien.debug.xcconfig */;
			buildSettings = {
				ASSETCATALOG_COMPILER_APPICON_NAME = AppIcon;
				CODE_SIGN_STYLE = Automatic;
				DEVELOPMENT_TEAM = VHJK7SF7WQ;
				INFOPLIST_FILE = "$(SRCROOT)/Talkien/Supporting Files/Info.plist";
				IPHONEOS_DEPLOYMENT_TARGET = 12.1;
				LD_RUNPATH_SEARCH_PATHS = (
					"$(inherited)",
					"@executable_path/Frameworks",
				);
				PRODUCT_BUNDLE_IDENTIFIER = com.latenight.Talkien;
				PRODUCT_NAME = "$(TARGET_NAME)";
				SWIFT_VERSION = 5.0;
				TARGETED_DEVICE_FAMILY = "1,2";
			};
			name = Debug;
		};
		36C25D7021B2B7B400A30C1B /* Release */ = {
			isa = XCBuildConfiguration;
			baseConfigurationReference = A6303375AA5C56A1D5FD6FD7 /* Pods-Talkien.release.xcconfig */;
			buildSettings = {
				ASSETCATALOG_COMPILER_APPICON_NAME = AppIcon;
				CODE_SIGN_STYLE = Automatic;
				DEVELOPMENT_TEAM = VHJK7SF7WQ;
				INFOPLIST_FILE = "$(SRCROOT)/Talkien/Supporting Files/Info.plist";
				IPHONEOS_DEPLOYMENT_TARGET = 12.1;
				LD_RUNPATH_SEARCH_PATHS = (
					"$(inherited)",
					"@executable_path/Frameworks",
				);
				PRODUCT_BUNDLE_IDENTIFIER = com.latenight.Talkien;
				PRODUCT_NAME = "$(TARGET_NAME)";
				SWIFT_VERSION = 5.0;
				TARGETED_DEVICE_FAMILY = "1,2";
			};
			name = Release;
		};
/* End XCBuildConfiguration section */

/* Begin XCConfigurationList section */
		3635F01C2184FD3100D9215B /* Build configuration list for PBXProject "Talkien" */ = {
			isa = XCConfigurationList;
			buildConfigurations = (
				3635F0312184FD3300D9215B /* Debug */,
				3635F0322184FD3300D9215B /* Release */,
			);
			defaultConfigurationIsVisible = 0;
			defaultConfigurationName = Release;
		};
		36C25D7521B2B7B400A30C1B /* Build configuration list for PBXNativeTarget "Talkien" */ = {
			isa = XCConfigurationList;
			buildConfigurations = (
				36C25D6F21B2B7B400A30C1B /* Debug */,
				36C25D7021B2B7B400A30C1B /* Release */,
			);
			defaultConfigurationIsVisible = 0;
			defaultConfigurationName = Release;
		};
/* End XCConfigurationList section */

/* Begin XCRemoteSwiftPackageReference section */
		A281B0A8276884CB0082C31E /* XCRemoteSwiftPackageReference "Alamofire" */ = {
			isa = XCRemoteSwiftPackageReference;
			repositoryURL = "https://github.com/Alamofire/Alamofire.git";
			requirement = {
				kind = upToNextMajorVersion;
				minimumVersion = 5.0.0;
			};
		};
/* End XCRemoteSwiftPackageReference section */
	};
	rootObject = 3635F0192184FD3100D9215B /* Project object */;
}
